
Microsoft Visual Studio Solution File, Format Version 12.00
# Visual Studio 15
VisualStudioVersion = 15.0.28307.136
MinimumVisualStudioVersion = 10.0.40219.1
Project("{9A19103F-16F7-4668-BE54-9A1E7A4F7556}") = "CityInfo.API", "CityInfo.API.csproj", "{6C921688-3798-412E-8F29-C1D763FC4D72}"
EndProject
Global
	GlobalSection(SolutionConfigurationPlatforms) = preSolution
		Debug|Any CPU = Debug|Any CPU
		Release|Any CPU = Release|Any CPU
	EndGlobalSection
	GlobalSection(ProjectConfigurationPlatforms) = postSolution
		{6C921688-3798-412E-8F29-C1D763FC4D72}.Debug|Any CPU.ActiveCfg = Debug|Any CPU
		{6C921688-3798-412E-8F29-C1D763FC4D72}.Debug|Any CPU.Build.0 = Debug|Any CPU
		{6C921688-3798-412E-8F29-C1D763FC4D72}.Release|Any CPU.ActiveCfg = Release|Any CPU
		{6C921688-3798-412E-8F29-C1D763FC4D72}.Release|Any CPU.Build.0 = Release|Any CPU
	EndGlobalSection
	GlobalSection(SolutionProperties) = preSolution
		HideSolutionNode = FALSE
	EndGlobalSection
	GlobalSection(ExtensibilityGlobals) = postSolution
		SolutionGuid = {EE77C7EA-57EC-4451-BA20-B83DA729C818}
	EndGlobalSection
EndGlobal
